// !$*UTF8*$!
{
	archiveVersion = 1;
	classes = {
	};
	objectVersion = 56;
	objects = {

/* Begin PBXBuildFile section */
		6A09163F2AC6861D0014FE2D /* DINPro-Bold.otf in Resources */ = {isa = PBXBuildFile; fileRef = 6A09163A2AC6861C0014FE2D /* DINPro-Bold.otf */; };
		6A0916402AC6861D0014FE2D /* DINPro-Medium.otf in Resources */ = {isa = PBXBuildFile; fileRef = 6A09163B2AC6861C0014FE2D /* DINPro-Medium.otf */; };
		6A0916412AC6861D0014FE2D /* DINPro-Regular.otf in Resources */ = {isa = PBXBuildFile; fileRef = 6A09163C2AC6861C0014FE2D /* DINPro-Regular.otf */; };
		6A0916422AC6861D0014FE2D /* DINPro-Light.otf in Resources */ = {isa = PBXBuildFile; fileRef = 6A09163D2AC6861D0014FE2D /* DINPro-Light.otf */; };
		6A0916432AC6861D0014FE2D /* DINPro-Black.otf in Resources */ = {isa = PBXBuildFile; fileRef = 6A09163E2AC6861D0014FE2D /* DINPro-Black.otf */; };
		6A0916452AC6A44C0014FE2D /* UIView+Extension.swift in Sources */ = {isa = PBXBuildFile; fileRef = 6A0916442AC6A44C0014FE2D /* UIView+Extension.swift */; };
		6A0916482AC6B8350014FE2D /* Todo.swift in Sources */ = {isa = PBXBuildFile; fileRef = 6A0916472AC6B8350014FE2D /* Todo.swift */; };
		6A09164B2AC6B9410014FE2D /* RealmSwift in Frameworks */ = {isa = PBXBuildFile; productRef = 6A09164A2AC6B9410014FE2D /* RealmSwift */; };
		6A09164D2AC71FD30014FE2D /* SpareTodo.swift in Sources */ = {isa = PBXBuildFile; fileRef = 6A09164C2AC71FD30014FE2D /* SpareTodo.swift */; };
		6A09164F2AC720020014FE2D /* TodoRepository.swift in Sources */ = {isa = PBXBuildFile; fileRef = 6A09164E2AC720020014FE2D /* TodoRepository.swift */; };
		6A0916522AC7201A0014FE2D /* SpareTodoRepository.swift in Sources */ = {isa = PBXBuildFile; fileRef = 6A0916512AC7201A0014FE2D /* SpareTodoRepository.swift */; };
		6A0916562AC73C190014FE2D /* TodoHeaderView.swift in Sources */ = {isa = PBXBuildFile; fileRef = 6A0916552AC73C190014FE2D /* TodoHeaderView.swift */; };
		6A0916582AC73D5E0014FE2D /* BaseCollectionReusableView.swift in Sources */ = {isa = PBXBuildFile; fileRef = 6A0916572AC73D5E0014FE2D /* BaseCollectionReusableView.swift */; };
		6A0CA0A92AD3E28000C5C1FD /* WidgetKit.framework in Frameworks */ = {isa = PBXBuildFile; fileRef = 6A0CA08D2AD3E0A100C5C1FD /* WidgetKit.framework */; };
		6A0CA0AA2AD3E28000C5C1FD /* SwiftUI.framework in Frameworks */ = {isa = PBXBuildFile; fileRef = 6A0CA08F2AD3E0A200C5C1FD /* SwiftUI.framework */; };
		6A0CA0AD2AD3E28000C5C1FD /* QuokkaWidgetBundle.swift in Sources */ = {isa = PBXBuildFile; fileRef = 6A0CA0AC2AD3E28000C5C1FD /* QuokkaWidgetBundle.swift */; };
		6A0CA0AF2AD3E28000C5C1FD /* QuokkaWidgetLiveActivity.swift in Sources */ = {isa = PBXBuildFile; fileRef = 6A0CA0AE2AD3E28000C5C1FD /* QuokkaWidgetLiveActivity.swift */; };
		6A0CA0B12AD3E28000C5C1FD /* QuokkaWidget.swift in Sources */ = {isa = PBXBuildFile; fileRef = 6A0CA0B02AD3E28000C5C1FD /* QuokkaWidget.swift */; };
		6A0CA0B32AD3E28000C5C1FD /* AppIntent.swift in Sources */ = {isa = PBXBuildFile; fileRef = 6A0CA0B22AD3E28000C5C1FD /* AppIntent.swift */; };
		6A0CA0B52AD3E28200C5C1FD /* Assets.xcassets in Resources */ = {isa = PBXBuildFile; fileRef = 6A0CA0B42AD3E28200C5C1FD /* Assets.xcassets */; };
		6A0CA0B92AD3E28200C5C1FD /* QuokkaWidgetExtension.appex in Embed Foundation Extensions */ = {isa = PBXBuildFile; fileRef = 6A0CA0A82AD3E28000C5C1FD /* QuokkaWidgetExtension.appex */; settings = {ATTRIBUTES = (RemoveHeadersOnCopy, ); }; };
		6A0CA0BD2AD3E7B500C5C1FD /* QuokkaWidgetLiveActivity.swift in Sources */ = {isa = PBXBuildFile; fileRef = 6A0CA0AE2AD3E28000C5C1FD /* QuokkaWidgetLiveActivity.swift */; };
		6A1A88CB2AD47FD700A51E10 /* TodoSelectionViewController.swift in Sources */ = {isa = PBXBuildFile; fileRef = 6A1A88CA2AD47FD700A51E10 /* TodoSelectionViewController.swift */; };
		6A1A88CD2AD4822600A51E10 /* TodoPlayCollectionViewCell.swift in Sources */ = {isa = PBXBuildFile; fileRef = 6A1A88CC2AD4822600A51E10 /* TodoPlayCollectionViewCell.swift */; };
		6A2C23132AE0FF3B007807EF /* CostumeViewController.swift in Sources */ = {isa = PBXBuildFile; fileRef = 6A2C23122AE0FF3B007807EF /* CostumeViewController.swift */; };
		6A2C23152AE10247007807EF /* CostumeCollectionViewCell.swift in Sources */ = {isa = PBXBuildFile; fileRef = 6A2C23142AE10247007807EF /* CostumeCollectionViewCell.swift */; };
		6A2C23182AE106CC007807EF /* CostumeModel.swift in Sources */ = {isa = PBXBuildFile; fileRef = 6A2C23172AE106CC007807EF /* CostumeModel.swift */; };
		6A2C231C2AE176B7007807EF /* UserDefaultsHelper.swift in Sources */ = {isa = PBXBuildFile; fileRef = 6A2C231B2AE176B7007807EF /* UserDefaultsHelper.swift */; };
		6A2C23202AE177C0007807EF /* Costume.swift in Sources */ = {isa = PBXBuildFile; fileRef = 6A2C231F2AE177C0007807EF /* Costume.swift */; };
		6A2C23232AE1A301007807EF /* DiaryViewController.swift in Sources */ = {isa = PBXBuildFile; fileRef = 6A2C23222AE1A301007807EF /* DiaryViewController.swift */; };
		6A60843E2AC95887005B85C7 /* MenuViewController.swift in Sources */ = {isa = PBXBuildFile; fileRef = 6A60843D2AC95887005B85C7 /* MenuViewController.swift */; };
		6A67B1092ADA6ADD00FC8D9D /* ChartViewController.swift in Sources */ = {isa = PBXBuildFile; fileRef = 6A67B1082ADA6ADD00FC8D9D /* ChartViewController.swift */; };
		6A67B10B2ADA6AF500FC8D9D /* SettingViewController.swift in Sources */ = {isa = PBXBuildFile; fileRef = 6A67B10A2ADA6AF500FC8D9D /* SettingViewController.swift */; };
		6A6ED6642ACDD39B00CD902B /* Int+Extension.swift in Sources */ = {isa = PBXBuildFile; fileRef = 6A6ED6632ACDD39B00CD902B /* Int+Extension.swift */; };
		6A7A91D42AD7E44A00633C06 /* CircularProgressView.swift in Sources */ = {isa = PBXBuildFile; fileRef = 6A7A91D32AD7E44A00633C06 /* CircularProgressView.swift */; };
		6AB2B8722AC3355700830760 /* AppDelegate.swift in Sources */ = {isa = PBXBuildFile; fileRef = 6AB2B8712AC3355700830760 /* AppDelegate.swift */; };
		6AB2B8742AC3355700830760 /* SceneDelegate.swift in Sources */ = {isa = PBXBuildFile; fileRef = 6AB2B8732AC3355700830760 /* SceneDelegate.swift */; };
		6AB2B87B2AC3355B00830760 /* Assets.xcassets in Resources */ = {isa = PBXBuildFile; fileRef = 6AB2B87A2AC3355B00830760 /* Assets.xcassets */; };
		6AB2B87E2AC3355B00830760 /* LaunchScreen.storyboard in Resources */ = {isa = PBXBuildFile; fileRef = 6AB2B87C2AC3355B00830760 /* LaunchScreen.storyboard */; };
		6AB2B8872AC3380A00830760 /* Color.swift in Sources */ = {isa = PBXBuildFile; fileRef = 6AB2B8862AC3380A00830760 /* Color.swift */; };
		6AB2B8922AC3407D00830760 /* Pretendard-Black.otf in Resources */ = {isa = PBXBuildFile; fileRef = 6AB2B8892AC3407C00830760 /* Pretendard-Black.otf */; };
		6AB2B8932AC3407D00830760 /* Pretendard-Regular.otf in Resources */ = {isa = PBXBuildFile; fileRef = 6AB2B88A2AC3407C00830760 /* Pretendard-Regular.otf */; };
		6AB2B8942AC3407D00830760 /* Pretendard-Light.otf in Resources */ = {isa = PBXBuildFile; fileRef = 6AB2B88B2AC3407C00830760 /* Pretendard-Light.otf */; };
		6AB2B8952AC3407D00830760 /* Pretendard-SemiBold.otf in Resources */ = {isa = PBXBuildFile; fileRef = 6AB2B88C2AC3407C00830760 /* Pretendard-SemiBold.otf */; };
		6AB2B8962AC3407D00830760 /* Pretendard-Medium.otf in Resources */ = {isa = PBXBuildFile; fileRef = 6AB2B88D2AC3407C00830760 /* Pretendard-Medium.otf */; };
		6AB2B8972AC3407D00830760 /* Pretendard-ExtraBold.otf in Resources */ = {isa = PBXBuildFile; fileRef = 6AB2B88E2AC3407C00830760 /* Pretendard-ExtraBold.otf */; };
		6AB2B8982AC3407D00830760 /* Pretendard-Thin.otf in Resources */ = {isa = PBXBuildFile; fileRef = 6AB2B88F2AC3407C00830760 /* Pretendard-Thin.otf */; };
		6AB2B8992AC3407D00830760 /* Pretendard-Bold.otf in Resources */ = {isa = PBXBuildFile; fileRef = 6AB2B8902AC3407D00830760 /* Pretendard-Bold.otf */; };
		6AB2B89A2AC3407D00830760 /* Pretendard-ExtraLight.otf in Resources */ = {isa = PBXBuildFile; fileRef = 6AB2B8912AC3407D00830760 /* Pretendard-ExtraLight.otf */; };
		6AB2B89C2AC3418D00830760 /* UIFont+Extension.swift in Sources */ = {isa = PBXBuildFile; fileRef = 6AB2B89B2AC3418D00830760 /* UIFont+Extension.swift */; };
		6AB2B8A22AC3461A00830760 /* ReusableViewProtocol.swift in Sources */ = {isa = PBXBuildFile; fileRef = 6AB2B8A12AC3461A00830760 /* ReusableViewProtocol.swift */; };
		6AB2B8A52AC3463B00830760 /* BaseViewController.swift in Sources */ = {isa = PBXBuildFile; fileRef = 6AB2B8A42AC3463B00830760 /* BaseViewController.swift */; };
		6AB2B8A72AC3465A00830760 /* BaseView.swift in Sources */ = {isa = PBXBuildFile; fileRef = 6AB2B8A62AC3465A00830760 /* BaseView.swift */; };
		6AB2B8A92AC3467000830760 /* BaseCollectionViewCell.swift in Sources */ = {isa = PBXBuildFile; fileRef = 6AB2B8A82AC3467000830760 /* BaseCollectionViewCell.swift */; };
		6AB2B8AC2AC346A300830760 /* SnapKit in Frameworks */ = {isa = PBXBuildFile; productRef = 6AB2B8AB2AC346A300830760 /* SnapKit */; };
		6AB2B8AF2AC349B900830760 /* TodoViewController.swift in Sources */ = {isa = PBXBuildFile; fileRef = 6AB2B8AE2AC349B900830760 /* TodoViewController.swift */; };
		6AB2B8B12AC349CE00830760 /* TimerViewController.swift in Sources */ = {isa = PBXBuildFile; fileRef = 6AB2B8B02AC349CE00830760 /* TimerViewController.swift */; };
		6AB2B8B32AC349F000830760 /* QuokkaViewController.swift in Sources */ = {isa = PBXBuildFile; fileRef = 6AB2B8B22AC349F000830760 /* QuokkaViewController.swift */; };
		6ABF94EB2ADE10D70038F075 /* FeedLeaf.swift in Sources */ = {isa = PBXBuildFile; fileRef = 6ABF94EA2ADE10D70038F075 /* FeedLeaf.swift */; };
		6ABF94ED2ADE10E40038F075 /* FeedNutrition.swift in Sources */ = {isa = PBXBuildFile; fileRef = 6ABF94EC2ADE10E40038F075 /* FeedNutrition.swift */; };
		6ABF94F22ADFBFFE0038F075 /* FeedLeafRepository.swift in Sources */ = {isa = PBXBuildFile; fileRef = 6ABF94F12ADFBFFE0038F075 /* FeedLeafRepository.swift */; };
		6ABF94F42ADFC14A0038F075 /* FeedNutiritionRepository.swift in Sources */ = {isa = PBXBuildFile; fileRef = 6ABF94F32ADFC14A0038F075 /* FeedNutiritionRepository.swift */; };
		6ABF94F62ADFC91F0038F075 /* GainLeaf.swift in Sources */ = {isa = PBXBuildFile; fileRef = 6ABF94F52ADFC91F0038F075 /* GainLeaf.swift */; };
		6ABF94F82ADFC9510038F075 /* GainNutrition.swift in Sources */ = {isa = PBXBuildFile; fileRef = 6ABF94F72ADFC9510038F075 /* GainNutrition.swift */; };
		6ABF94FC2ADFCCEC0038F075 /* GainLeafRepository.swift in Sources */ = {isa = PBXBuildFile; fileRef = 6ABF94FB2ADFCCEC0038F075 /* GainLeafRepository.swift */; };
		6ABF94FE2ADFCD640038F075 /* GainNutiritionRepository.swift in Sources */ = {isa = PBXBuildFile; fileRef = 6ABF94FD2ADFCD640038F075 /* GainNutiritionRepository.swift */; };
		6ABF95002ADFCE680038F075 /* Bag.swift in Sources */ = {isa = PBXBuildFile; fileRef = 6ABF94FF2ADFCE680038F075 /* Bag.swift */; };
		6ABF95022ADFCF050038F075 /* Level.swift in Sources */ = {isa = PBXBuildFile; fileRef = 6ABF95012ADFCF050038F075 /* Level.swift */; };
		6ABF95042ADFCF260038F075 /* BagRepository.swift in Sources */ = {isa = PBXBuildFile; fileRef = 6ABF95032ADFCF260038F075 /* BagRepository.swift */; };
		6ABF95062ADFCF330038F075 /* LevelRepository.swift in Sources */ = {isa = PBXBuildFile; fileRef = 6ABF95052ADFCF330038F075 /* LevelRepository.swift */; };
		6ABF95082AE0098C0038F075 /* DiaryWritingViewController.swift in Sources */ = {isa = PBXBuildFile; fileRef = 6ABF95072AE0098C0038F075 /* DiaryWritingViewController.swift */; };
		6ABF950A2AE03F130038F075 /* Diary.swift in Sources */ = {isa = PBXBuildFile; fileRef = 6ABF95092AE03F130038F075 /* Diary.swift */; };
		6ABF950C2AE0406F0038F075 /* DiaryRepository.swift in Sources */ = {isa = PBXBuildFile; fileRef = 6ABF950B2AE0406F0038F075 /* DiaryRepository.swift */; };
		6ACADDFD2AC4728E00382143 /* Localizable.strings in Resources */ = {isa = PBXBuildFile; fileRef = 6ACADDFF2AC4728E00382143 /* Localizable.strings */; };
		6ACADE022AC479AE00382143 /* String+Extension.swift in Sources */ = {isa = PBXBuildFile; fileRef = 6ACADE012AC479AD00382143 /* String+Extension.swift */; };
		6ACADE062AC4958400382143 /* FSCalendar in Frameworks */ = {isa = PBXBuildFile; productRef = 6ACADE052AC4958400382143 /* FSCalendar */; };
		6AEE64E42AC585A600C502E4 /* DateFromatter+Extension.swift in Sources */ = {isa = PBXBuildFile; fileRef = 6AEE64E32AC585A600C502E4 /* DateFromatter+Extension.swift */; };
		6AEE64E72AC5B0AE00C502E4 /* TodoCollectionViewCell.swift in Sources */ = {isa = PBXBuildFile; fileRef = 6AEE64E62AC5B0AE00C502E4 /* TodoCollectionViewCell.swift */; };
/* End PBXBuildFile section */

/* Begin PBXContainerItemProxy section */
		6A0CA0B72AD3E28200C5C1FD /* PBXContainerItemProxy */ = {
			isa = PBXContainerItemProxy;
			containerPortal = 6AB2B8662AC3355700830760 /* Project object */;
			proxyType = 1;
			remoteGlobalIDString = 6A0CA0A72AD3E28000C5C1FD;
			remoteInfo = QuokkaWidgetExtension;
		};
/* End PBXContainerItemProxy section */

/* Begin PBXCopyFilesBuildPhase section */
		6A0CA0A02AD3E0A600C5C1FD /* Embed Foundation Extensions */ = {
			isa = PBXCopyFilesBuildPhase;
			buildActionMask = 2147483647;
			dstPath = "";
			dstSubfolderSpec = 13;
			files = (
				6A0CA0B92AD3E28200C5C1FD /* QuokkaWidgetExtension.appex in Embed Foundation Extensions */,
			);
			name = "Embed Foundation Extensions";
			runOnlyForDeploymentPostprocessing = 0;
		};
/* End PBXCopyFilesBuildPhase section */

/* Begin PBXFileReference section */
		6A09163A2AC6861C0014FE2D /* DINPro-Bold.otf */ = {isa = PBXFileReference; lastKnownFileType = file; path = "DINPro-Bold.otf"; sourceTree = "<group>"; };
		6A09163B2AC6861C0014FE2D /* DINPro-Medium.otf */ = {isa = PBXFileReference; lastKnownFileType = file; path = "DINPro-Medium.otf"; sourceTree = "<group>"; };
		6A09163C2AC6861C0014FE2D /* DINPro-Regular.otf */ = {isa = PBXFileReference; lastKnownFileType = file; path = "DINPro-Regular.otf"; sourceTree = "<group>"; };
		6A09163D2AC6861D0014FE2D /* DINPro-Light.otf */ = {isa = PBXFileReference; lastKnownFileType = file; path = "DINPro-Light.otf"; sourceTree = "<group>"; };
		6A09163E2AC6861D0014FE2D /* DINPro-Black.otf */ = {isa = PBXFileReference; lastKnownFileType = file; path = "DINPro-Black.otf"; sourceTree = "<group>"; };
		6A0916442AC6A44C0014FE2D /* UIView+Extension.swift */ = {isa = PBXFileReference; lastKnownFileType = sourcecode.swift; path = "UIView+Extension.swift"; sourceTree = "<group>"; };
		6A0916472AC6B8350014FE2D /* Todo.swift */ = {isa = PBXFileReference; lastKnownFileType = sourcecode.swift; path = Todo.swift; sourceTree = "<group>"; };
		6A09164C2AC71FD30014FE2D /* SpareTodo.swift */ = {isa = PBXFileReference; lastKnownFileType = sourcecode.swift; path = SpareTodo.swift; sourceTree = "<group>"; };
		6A09164E2AC720020014FE2D /* TodoRepository.swift */ = {isa = PBXFileReference; lastKnownFileType = sourcecode.swift; path = TodoRepository.swift; sourceTree = "<group>"; };
		6A0916512AC7201A0014FE2D /* SpareTodoRepository.swift */ = {isa = PBXFileReference; lastKnownFileType = sourcecode.swift; path = SpareTodoRepository.swift; sourceTree = "<group>"; };
		6A0916552AC73C190014FE2D /* TodoHeaderView.swift */ = {isa = PBXFileReference; lastKnownFileType = sourcecode.swift; path = TodoHeaderView.swift; sourceTree = "<group>"; };
		6A0916572AC73D5E0014FE2D /* BaseCollectionReusableView.swift */ = {isa = PBXFileReference; lastKnownFileType = sourcecode.swift; path = BaseCollectionReusableView.swift; sourceTree = "<group>"; };
		6A0CA08D2AD3E0A100C5C1FD /* WidgetKit.framework */ = {isa = PBXFileReference; lastKnownFileType = wrapper.framework; name = WidgetKit.framework; path = System/Library/Frameworks/WidgetKit.framework; sourceTree = SDKROOT; };
		6A0CA08F2AD3E0A200C5C1FD /* SwiftUI.framework */ = {isa = PBXFileReference; lastKnownFileType = wrapper.framework; name = SwiftUI.framework; path = System/Library/Frameworks/SwiftUI.framework; sourceTree = SDKROOT; };
		6A0CA0A82AD3E28000C5C1FD /* QuokkaWidgetExtension.appex */ = {isa = PBXFileReference; explicitFileType = "wrapper.app-extension"; includeInIndex = 0; path = QuokkaWidgetExtension.appex; sourceTree = BUILT_PRODUCTS_DIR; };
		6A0CA0AC2AD3E28000C5C1FD /* QuokkaWidgetBundle.swift */ = {isa = PBXFileReference; lastKnownFileType = sourcecode.swift; path = QuokkaWidgetBundle.swift; sourceTree = "<group>"; };
		6A0CA0AE2AD3E28000C5C1FD /* QuokkaWidgetLiveActivity.swift */ = {isa = PBXFileReference; lastKnownFileType = sourcecode.swift; path = QuokkaWidgetLiveActivity.swift; sourceTree = "<group>"; };
		6A0CA0B02AD3E28000C5C1FD /* QuokkaWidget.swift */ = {isa = PBXFileReference; lastKnownFileType = sourcecode.swift; path = QuokkaWidget.swift; sourceTree = "<group>"; };
		6A0CA0B22AD3E28000C5C1FD /* AppIntent.swift */ = {isa = PBXFileReference; lastKnownFileType = sourcecode.swift; path = AppIntent.swift; sourceTree = "<group>"; };
		6A0CA0B42AD3E28200C5C1FD /* Assets.xcassets */ = {isa = PBXFileReference; lastKnownFileType = folder.assetcatalog; path = Assets.xcassets; sourceTree = "<group>"; };
		6A0CA0B62AD3E28200C5C1FD /* Info.plist */ = {isa = PBXFileReference; lastKnownFileType = text.plist.xml; path = Info.plist; sourceTree = "<group>"; };
		6A1A88CA2AD47FD700A51E10 /* TodoSelectionViewController.swift */ = {isa = PBXFileReference; lastKnownFileType = sourcecode.swift; path = TodoSelectionViewController.swift; sourceTree = "<group>"; };
		6A1A88CC2AD4822600A51E10 /* TodoPlayCollectionViewCell.swift */ = {isa = PBXFileReference; lastKnownFileType = sourcecode.swift; path = TodoPlayCollectionViewCell.swift; sourceTree = "<group>"; };
		6A2C23122AE0FF3B007807EF /* CostumeViewController.swift */ = {isa = PBXFileReference; lastKnownFileType = sourcecode.swift; path = CostumeViewController.swift; sourceTree = "<group>"; };
		6A2C23142AE10247007807EF /* CostumeCollectionViewCell.swift */ = {isa = PBXFileReference; lastKnownFileType = sourcecode.swift; path = CostumeCollectionViewCell.swift; sourceTree = "<group>"; };
		6A2C23172AE106CC007807EF /* CostumeModel.swift */ = {isa = PBXFileReference; lastKnownFileType = sourcecode.swift; path = CostumeModel.swift; sourceTree = "<group>"; };
		6A2C231B2AE176B7007807EF /* UserDefaultsHelper.swift */ = {isa = PBXFileReference; lastKnownFileType = sourcecode.swift; path = UserDefaultsHelper.swift; sourceTree = "<group>"; };
		6A2C231F2AE177C0007807EF /* Costume.swift */ = {isa = PBXFileReference; lastKnownFileType = sourcecode.swift; path = Costume.swift; sourceTree = "<group>"; };
		6A2C23222AE1A301007807EF /* DiaryViewController.swift */ = {isa = PBXFileReference; lastKnownFileType = sourcecode.swift; path = DiaryViewController.swift; sourceTree = "<group>"; };
		6A60843D2AC95887005B85C7 /* MenuViewController.swift */ = {isa = PBXFileReference; lastKnownFileType = sourcecode.swift; path = MenuViewController.swift; sourceTree = "<group>"; };
		6A67B1082ADA6ADD00FC8D9D /* ChartViewController.swift */ = {isa = PBXFileReference; lastKnownFileType = sourcecode.swift; path = ChartViewController.swift; sourceTree = "<group>"; };
		6A67B10A2ADA6AF500FC8D9D /* SettingViewController.swift */ = {isa = PBXFileReference; lastKnownFileType = sourcecode.swift; path = SettingViewController.swift; sourceTree = "<group>"; };
		6A6ED6632ACDD39B00CD902B /* Int+Extension.swift */ = {isa = PBXFileReference; lastKnownFileType = sourcecode.swift; path = "Int+Extension.swift"; sourceTree = "<group>"; };
		6A7A91D32AD7E44A00633C06 /* CircularProgressView.swift */ = {isa = PBXFileReference; lastKnownFileType = sourcecode.swift; path = CircularProgressView.swift; sourceTree = "<group>"; };
		6AB2B86E2AC3355700830760 /* QuokkaTodo.app */ = {isa = PBXFileReference; explicitFileType = wrapper.application; includeInIndex = 0; path = QuokkaTodo.app; sourceTree = BUILT_PRODUCTS_DIR; };
		6AB2B8712AC3355700830760 /* AppDelegate.swift */ = {isa = PBXFileReference; lastKnownFileType = sourcecode.swift; path = AppDelegate.swift; sourceTree = "<group>"; };
		6AB2B8732AC3355700830760 /* SceneDelegate.swift */ = {isa = PBXFileReference; lastKnownFileType = sourcecode.swift; path = SceneDelegate.swift; sourceTree = "<group>"; };
		6AB2B87A2AC3355B00830760 /* Assets.xcassets */ = {isa = PBXFileReference; lastKnownFileType = folder.assetcatalog; path = Assets.xcassets; sourceTree = "<group>"; };
		6AB2B87D2AC3355B00830760 /* Base */ = {isa = PBXFileReference; lastKnownFileType = file.storyboard; name = Base; path = Base.lproj/LaunchScreen.storyboard; sourceTree = "<group>"; };
		6AB2B87F2AC3355B00830760 /* Info.plist */ = {isa = PBXFileReference; lastKnownFileType = text.plist.xml; path = Info.plist; sourceTree = "<group>"; };
		6AB2B8862AC3380A00830760 /* Color.swift */ = {isa = PBXFileReference; lastKnownFileType = sourcecode.swift; path = Color.swift; sourceTree = "<group>"; };
		6AB2B8892AC3407C00830760 /* Pretendard-Black.otf */ = {isa = PBXFileReference; lastKnownFileType = file; path = "Pretendard-Black.otf"; sourceTree = "<group>"; };
		6AB2B88A2AC3407C00830760 /* Pretendard-Regular.otf */ = {isa = PBXFileReference; lastKnownFileType = file; path = "Pretendard-Regular.otf"; sourceTree = "<group>"; };
		6AB2B88B2AC3407C00830760 /* Pretendard-Light.otf */ = {isa = PBXFileReference; lastKnownFileType = file; path = "Pretendard-Light.otf"; sourceTree = "<group>"; };
		6AB2B88C2AC3407C00830760 /* Pretendard-SemiBold.otf */ = {isa = PBXFileReference; lastKnownFileType = file; path = "Pretendard-SemiBold.otf"; sourceTree = "<group>"; };
		6AB2B88D2AC3407C00830760 /* Pretendard-Medium.otf */ = {isa = PBXFileReference; lastKnownFileType = file; path = "Pretendard-Medium.otf"; sourceTree = "<group>"; };
		6AB2B88E2AC3407C00830760 /* Pretendard-ExtraBold.otf */ = {isa = PBXFileReference; lastKnownFileType = file; path = "Pretendard-ExtraBold.otf"; sourceTree = "<group>"; };
		6AB2B88F2AC3407C00830760 /* Pretendard-Thin.otf */ = {isa = PBXFileReference; lastKnownFileType = file; path = "Pretendard-Thin.otf"; sourceTree = "<group>"; };
		6AB2B8902AC3407D00830760 /* Pretendard-Bold.otf */ = {isa = PBXFileReference; lastKnownFileType = file; path = "Pretendard-Bold.otf"; sourceTree = "<group>"; };
		6AB2B8912AC3407D00830760 /* Pretendard-ExtraLight.otf */ = {isa = PBXFileReference; lastKnownFileType = file; path = "Pretendard-ExtraLight.otf"; sourceTree = "<group>"; };
		6AB2B89B2AC3418D00830760 /* UIFont+Extension.swift */ = {isa = PBXFileReference; lastKnownFileType = sourcecode.swift; path = "UIFont+Extension.swift"; sourceTree = "<group>"; };
		6AB2B8A12AC3461A00830760 /* ReusableViewProtocol.swift */ = {isa = PBXFileReference; lastKnownFileType = sourcecode.swift; path = ReusableViewProtocol.swift; sourceTree = "<group>"; };
		6AB2B8A42AC3463B00830760 /* BaseViewController.swift */ = {isa = PBXFileReference; lastKnownFileType = sourcecode.swift; path = BaseViewController.swift; sourceTree = "<group>"; };
		6AB2B8A62AC3465A00830760 /* BaseView.swift */ = {isa = PBXFileReference; lastKnownFileType = sourcecode.swift; path = BaseView.swift; sourceTree = "<group>"; };
		6AB2B8A82AC3467000830760 /* BaseCollectionViewCell.swift */ = {isa = PBXFileReference; lastKnownFileType = sourcecode.swift; path = BaseCollectionViewCell.swift; sourceTree = "<group>"; };
		6AB2B8AE2AC349B900830760 /* TodoViewController.swift */ = {isa = PBXFileReference; lastKnownFileType = sourcecode.swift; path = TodoViewController.swift; sourceTree = "<group>"; };
		6AB2B8B02AC349CE00830760 /* TimerViewController.swift */ = {isa = PBXFileReference; lastKnownFileType = sourcecode.swift; path = TimerViewController.swift; sourceTree = "<group>"; };
		6AB2B8B22AC349F000830760 /* QuokkaViewController.swift */ = {isa = PBXFileReference; lastKnownFileType = sourcecode.swift; path = QuokkaViewController.swift; sourceTree = "<group>"; };
		6ABF94EA2ADE10D70038F075 /* FeedLeaf.swift */ = {isa = PBXFileReference; lastKnownFileType = sourcecode.swift; path = FeedLeaf.swift; sourceTree = "<group>"; };
		6ABF94EC2ADE10E40038F075 /* FeedNutrition.swift */ = {isa = PBXFileReference; lastKnownFileType = sourcecode.swift; path = FeedNutrition.swift; sourceTree = "<group>"; };
		6ABF94F12ADFBFFE0038F075 /* FeedLeafRepository.swift */ = {isa = PBXFileReference; lastKnownFileType = sourcecode.swift; path = FeedLeafRepository.swift; sourceTree = "<group>"; };
		6ABF94F32ADFC14A0038F075 /* FeedNutiritionRepository.swift */ = {isa = PBXFileReference; lastKnownFileType = sourcecode.swift; path = FeedNutiritionRepository.swift; sourceTree = "<group>"; };
		6ABF94F52ADFC91F0038F075 /* GainLeaf.swift */ = {isa = PBXFileReference; lastKnownFileType = sourcecode.swift; path = GainLeaf.swift; sourceTree = "<group>"; };
		6ABF94F72ADFC9510038F075 /* GainNutrition.swift */ = {isa = PBXFileReference; lastKnownFileType = sourcecode.swift; path = GainNutrition.swift; sourceTree = "<group>"; };
		6ABF94FB2ADFCCEC0038F075 /* GainLeafRepository.swift */ = {isa = PBXFileReference; lastKnownFileType = sourcecode.swift; path = GainLeafRepository.swift; sourceTree = "<group>"; };
		6ABF94FD2ADFCD640038F075 /* GainNutiritionRepository.swift */ = {isa = PBXFileReference; lastKnownFileType = sourcecode.swift; path = GainNutiritionRepository.swift; sourceTree = "<group>"; };
		6ABF94FF2ADFCE680038F075 /* Bag.swift */ = {isa = PBXFileReference; lastKnownFileType = sourcecode.swift; path = Bag.swift; sourceTree = "<group>"; };
		6ABF95012ADFCF050038F075 /* Level.swift */ = {isa = PBXFileReference; lastKnownFileType = sourcecode.swift; path = Level.swift; sourceTree = "<group>"; };
		6ABF95032ADFCF260038F075 /* BagRepository.swift */ = {isa = PBXFileReference; lastKnownFileType = sourcecode.swift; path = BagRepository.swift; sourceTree = "<group>"; };
		6ABF95052ADFCF330038F075 /* LevelRepository.swift */ = {isa = PBXFileReference; lastKnownFileType = sourcecode.swift; path = LevelRepository.swift; sourceTree = "<group>"; };
		6ABF95072AE0098C0038F075 /* DiaryWritingViewController.swift */ = {isa = PBXFileReference; lastKnownFileType = sourcecode.swift; path = DiaryWritingViewController.swift; sourceTree = "<group>"; };
		6ABF95092AE03F130038F075 /* Diary.swift */ = {isa = PBXFileReference; lastKnownFileType = sourcecode.swift; path = Diary.swift; sourceTree = "<group>"; };
		6ABF950B2AE0406F0038F075 /* DiaryRepository.swift */ = {isa = PBXFileReference; lastKnownFileType = sourcecode.swift; path = DiaryRepository.swift; sourceTree = "<group>"; };
		6ACADDFA2AC471CD00382143 /* ko */ = {isa = PBXFileReference; lastKnownFileType = text.plist.strings; name = ko; path = ko.lproj/LaunchScreen.strings; sourceTree = "<group>"; };
		6ACADDFE2AC4728E00382143 /* en */ = {isa = PBXFileReference; lastKnownFileType = text.plist.strings; name = en; path = en.lproj/Localizable.strings; sourceTree = "<group>"; };
		6ACADE002AC4729200382143 /* ko */ = {isa = PBXFileReference; lastKnownFileType = text.plist.strings; name = ko; path = ko.lproj/Localizable.strings; sourceTree = "<group>"; };
		6ACADE012AC479AD00382143 /* String+Extension.swift */ = {isa = PBXFileReference; lastKnownFileType = sourcecode.swift; path = "String+Extension.swift"; sourceTree = "<group>"; };
		6AEE64E32AC585A600C502E4 /* DateFromatter+Extension.swift */ = {isa = PBXFileReference; lastKnownFileType = sourcecode.swift; path = "DateFromatter+Extension.swift"; sourceTree = "<group>"; };
		6AEE64E62AC5B0AE00C502E4 /* TodoCollectionViewCell.swift */ = {isa = PBXFileReference; lastKnownFileType = sourcecode.swift; path = TodoCollectionViewCell.swift; sourceTree = "<group>"; };
/* End PBXFileReference section */

/* Begin PBXFrameworksBuildPhase section */
		6A0CA0A52AD3E28000C5C1FD /* Frameworks */ = {
			isa = PBXFrameworksBuildPhase;
			buildActionMask = 2147483647;
			files = (
				6A0CA0AA2AD3E28000C5C1FD /* SwiftUI.framework in Frameworks */,
				6A0CA0A92AD3E28000C5C1FD /* WidgetKit.framework in Frameworks */,
			);
			runOnlyForDeploymentPostprocessing = 0;
		};
		6AB2B86B2AC3355700830760 /* Frameworks */ = {
			isa = PBXFrameworksBuildPhase;
			buildActionMask = 2147483647;
			files = (
				6A09164B2AC6B9410014FE2D /* RealmSwift in Frameworks */,
				6AB2B8AC2AC346A300830760 /* SnapKit in Frameworks */,
				6ACADE062AC4958400382143 /* FSCalendar in Frameworks */,
			);
			runOnlyForDeploymentPostprocessing = 0;
		};
/* End PBXFrameworksBuildPhase section */

/* Begin PBXGroup section */
		6A035AA42ADE0E5100644269 /* Model */ = {
			isa = PBXGroup;
			children = (
				6A0916472AC6B8350014FE2D /* Todo.swift */,
				6A09164C2AC71FD30014FE2D /* SpareTodo.swift */,
				6ABF94EA2ADE10D70038F075 /* FeedLeaf.swift */,
				6ABF94EC2ADE10E40038F075 /* FeedNutrition.swift */,
				6ABF94F52ADFC91F0038F075 /* GainLeaf.swift */,
				6ABF94F72ADFC9510038F075 /* GainNutrition.swift */,
				6ABF94FF2ADFCE680038F075 /* Bag.swift */,
				6ABF95012ADFCF050038F075 /* Level.swift */,
				6ABF95092AE03F130038F075 /* Diary.swift */,
			);
			path = Model;
			sourceTree = "<group>";
		};
		6A0916462AC6B80F0014FE2D /* Realm */ = {
			isa = PBXGroup;
			children = (
				6ABF94E72ADE0EF60038F075 /* Repository */,
				6A035AA42ADE0E5100644269 /* Model */,
			);
			path = Realm;
			sourceTree = "<group>";
		};
		6A0916532AC72D8F0014FE2D /* Timer */ = {
			isa = PBXGroup;
			children = (
				6AB2B8B02AC349CE00830760 /* TimerViewController.swift */,
				6A1A88CA2AD47FD700A51E10 /* TodoSelectionViewController.swift */,
				6A1A88CC2AD4822600A51E10 /* TodoPlayCollectionViewCell.swift */,
				6A7A91D32AD7E44A00633C06 /* CircularProgressView.swift */,
			);
			path = Timer;
			sourceTree = "<group>";
		};
		6A0916542AC72D990014FE2D /* Quokka */ = {
			isa = PBXGroup;
			children = (
				6A2C23162AE106BE007807EF /* Model */,
				6AB2B8B22AC349F000830760 /* QuokkaViewController.swift */,
				6ABF95072AE0098C0038F075 /* DiaryWritingViewController.swift */,
				6A2C23122AE0FF3B007807EF /* CostumeViewController.swift */,
				6A2C23142AE10247007807EF /* CostumeCollectionViewCell.swift */,
			);
			path = Quokka;
			sourceTree = "<group>";
		};
		6A0CA08C2AD3E0A100C5C1FD /* Frameworks */ = {
			isa = PBXGroup;
			children = (
				6A0CA08D2AD3E0A100C5C1FD /* WidgetKit.framework */,
				6A0CA08F2AD3E0A200C5C1FD /* SwiftUI.framework */,
			);
			name = Frameworks;
			sourceTree = "<group>";
		};
		6A0CA0AB2AD3E28000C5C1FD /* QuokkaWidget */ = {
			isa = PBXGroup;
			children = (
				6A0CA0AC2AD3E28000C5C1FD /* QuokkaWidgetBundle.swift */,
				6A0CA0AE2AD3E28000C5C1FD /* QuokkaWidgetLiveActivity.swift */,
				6A0CA0B02AD3E28000C5C1FD /* QuokkaWidget.swift */,
				6A0CA0B22AD3E28000C5C1FD /* AppIntent.swift */,
				6A0CA0B42AD3E28200C5C1FD /* Assets.xcassets */,
				6A0CA0B62AD3E28200C5C1FD /* Info.plist */,
			);
			path = QuokkaWidget;
			sourceTree = "<group>";
		};
		6A2C23162AE106BE007807EF /* Model */ = {
			isa = PBXGroup;
			children = (
				6A2C23172AE106CC007807EF /* CostumeModel.swift */,
			);
			path = Model;
			sourceTree = "<group>";
		};
		6A2C23192AE1769B007807EF /* UserDefaults */ = {
			isa = PBXGroup;
			children = (
				6A2C231B2AE176B7007807EF /* UserDefaultsHelper.swift */,
			);
			path = UserDefaults;
			sourceTree = "<group>";
		};
		6A2C231E2AE177AF007807EF /* Enum */ = {
			isa = PBXGroup;
			children = (
				6A2C231F2AE177C0007807EF /* Costume.swift */,
			);
			path = Enum;
			sourceTree = "<group>";
		};
		6A2C23212AE1A2B0007807EF /* Diary */ = {
			isa = PBXGroup;
			children = (
				6A2C23222AE1A301007807EF /* DiaryViewController.swift */,
			);
			path = Diary;
			sourceTree = "<group>";
		};
		6A67B1062ADA6A9900FC8D9D /* Setting */ = {
			isa = PBXGroup;
			children = (
				6A67B10A2ADA6AF500FC8D9D /* SettingViewController.swift */,
			);
			path = Setting;
			sourceTree = "<group>";
		};
		6A67B1072ADA6AB500FC8D9D /* Chart */ = {
			isa = PBXGroup;
			children = (
				6A67B1082ADA6ADD00FC8D9D /* ChartViewController.swift */,
			);
			path = Chart;
			sourceTree = "<group>";
		};
		6AB2B8652AC3355700830760 = {
			isa = PBXGroup;
			children = (
				6AB2B8702AC3355700830760 /* QoukkaTodo */,
				6A0CA0AB2AD3E28000C5C1FD /* QuokkaWidget */,
				6A0CA08C2AD3E0A100C5C1FD /* Frameworks */,
				6AB2B86F2AC3355700830760 /* Products */,
			);
			sourceTree = "<group>";
		};
		6AB2B86F2AC3355700830760 /* Products */ = {
			isa = PBXGroup;
			children = (
				6AB2B86E2AC3355700830760 /* QuokkaTodo.app */,
				6A0CA0A82AD3E28000C5C1FD /* QuokkaWidgetExtension.appex */,
			);
			name = Products;
			sourceTree = "<group>";
		};
		6AB2B8702AC3355700830760 /* QoukkaTodo */ = {
			isa = PBXGroup;
			children = (
				6A2C231E2AE177AF007807EF /* Enum */,
				6A2C23192AE1769B007807EF /* UserDefaults */,
				6A0916462AC6B80F0014FE2D /* Realm */,
				6ACADE032AC479B300382143 /* Localization */,
				6AB2B8AD2AC349A300830760 /* ViewControllers */,
				6AB2B8A32AC3462C00830760 /* Base */,
				6AB2B89E2AC345CD00830760 /* Protocol */,
				6AB2B8852AC337F500830760 /* Extension */,
				6AB2B89D2AC3419500830760 /* Utils */,
				6AB2B8882AC3404200830760 /* Font */,
				6AB2B8712AC3355700830760 /* AppDelegate.swift */,
				6AB2B8732AC3355700830760 /* SceneDelegate.swift */,
				6AB2B87A2AC3355B00830760 /* Assets.xcassets */,
				6AB2B87C2AC3355B00830760 /* LaunchScreen.storyboard */,
				6AB2B87F2AC3355B00830760 /* Info.plist */,
			);
			name = QoukkaTodo;
			path = QuokkaTodo;
			sourceTree = "<group>";
		};
		6AB2B8852AC337F500830760 /* Extension */ = {
			isa = PBXGroup;
			children = (
				6AB2B89B2AC3418D00830760 /* UIFont+Extension.swift */,
				6AEE64E32AC585A600C502E4 /* DateFromatter+Extension.swift */,
				6A0916442AC6A44C0014FE2D /* UIView+Extension.swift */,
				6A6ED6632ACDD39B00CD902B /* Int+Extension.swift */,
			);
			path = Extension;
			sourceTree = "<group>";
		};
		6AB2B8882AC3404200830760 /* Font */ = {
			isa = PBXGroup;
			children = (
				6A09163E2AC6861D0014FE2D /* DINPro-Black.otf */,
				6A09163A2AC6861C0014FE2D /* DINPro-Bold.otf */,
				6A09163D2AC6861D0014FE2D /* DINPro-Light.otf */,
				6A09163B2AC6861C0014FE2D /* DINPro-Medium.otf */,
				6A09163C2AC6861C0014FE2D /* DINPro-Regular.otf */,
				6AB2B8892AC3407C00830760 /* Pretendard-Black.otf */,
				6AB2B8902AC3407D00830760 /* Pretendard-Bold.otf */,
				6AB2B88E2AC3407C00830760 /* Pretendard-ExtraBold.otf */,
				6AB2B8912AC3407D00830760 /* Pretendard-ExtraLight.otf */,
				6AB2B88B2AC3407C00830760 /* Pretendard-Light.otf */,
				6AB2B88D2AC3407C00830760 /* Pretendard-Medium.otf */,
				6AB2B88A2AC3407C00830760 /* Pretendard-Regular.otf */,
				6AB2B88C2AC3407C00830760 /* Pretendard-SemiBold.otf */,
				6AB2B88F2AC3407C00830760 /* Pretendard-Thin.otf */,
			);
			path = Font;
			sourceTree = "<group>";
		};
		6AB2B89D2AC3419500830760 /* Utils */ = {
			isa = PBXGroup;
			children = (
				6AB2B8862AC3380A00830760 /* Color.swift */,
			);
			path = Utils;
			sourceTree = "<group>";
		};
		6AB2B89E2AC345CD00830760 /* Protocol */ = {
			isa = PBXGroup;
			children = (
				6AB2B8A12AC3461A00830760 /* ReusableViewProtocol.swift */,
			);
			path = Protocol;
			sourceTree = "<group>";
		};
		6AB2B8A32AC3462C00830760 /* Base */ = {
			isa = PBXGroup;
			children = (
				6AB2B8A42AC3463B00830760 /* BaseViewController.swift */,
				6AB2B8A62AC3465A00830760 /* BaseView.swift */,
				6AB2B8A82AC3467000830760 /* BaseCollectionViewCell.swift */,
				6A0916572AC73D5E0014FE2D /* BaseCollectionReusableView.swift */,
			);
			path = Base;
			sourceTree = "<group>";
		};
		6AB2B8AD2AC349A300830760 /* ViewControllers */ = {
			isa = PBXGroup;
			children = (
				6AEE64E52AC5B08400C502E4 /* Todo */,
				6A0916532AC72D8F0014FE2D /* Timer */,
				6A0916542AC72D990014FE2D /* Quokka */,
				6A67B1072ADA6AB500FC8D9D /* Chart */,
				6A2C23212AE1A2B0007807EF /* Diary */,
				6A67B1062ADA6A9900FC8D9D /* Setting */,
			);
			path = ViewControllers;
			sourceTree = "<group>";
		};
		6ABF94E72ADE0EF60038F075 /* Repository */ = {
			isa = PBXGroup;
			children = (
				6A09164E2AC720020014FE2D /* TodoRepository.swift */,
				6A0916512AC7201A0014FE2D /* SpareTodoRepository.swift */,
				6ABF94F12ADFBFFE0038F075 /* FeedLeafRepository.swift */,
				6ABF94FB2ADFCCEC0038F075 /* GainLeafRepository.swift */,
				6ABF94F32ADFC14A0038F075 /* FeedNutiritionRepository.swift */,
				6ABF94FD2ADFCD640038F075 /* GainNutiritionRepository.swift */,
				6ABF95032ADFCF260038F075 /* BagRepository.swift */,
				6ABF95052ADFCF330038F075 /* LevelRepository.swift */,
				6ABF950B2AE0406F0038F075 /* DiaryRepository.swift */,
			);
			path = Repository;
			sourceTree = "<group>";
		};
		6ACADE032AC479B300382143 /* Localization */ = {
			isa = PBXGroup;
			children = (
				6ACADE012AC479AD00382143 /* String+Extension.swift */,
				6ACADDFF2AC4728E00382143 /* Localizable.strings */,
			);
			path = Localization;
			sourceTree = "<group>";
		};
		6AEE64E52AC5B08400C502E4 /* Todo */ = {
			isa = PBXGroup;
			children = (
				6AB2B8AE2AC349B900830760 /* TodoViewController.swift */,
				6AEE64E62AC5B0AE00C502E4 /* TodoCollectionViewCell.swift */,
				6A0916552AC73C190014FE2D /* TodoHeaderView.swift */,
				6A60843D2AC95887005B85C7 /* MenuViewController.swift */,
			);
			path = Todo;
			sourceTree = "<group>";
		};
/* End PBXGroup section */

/* Begin PBXNativeTarget section */
		6A0CA0A72AD3E28000C5C1FD /* QuokkaWidgetExtension */ = {
			isa = PBXNativeTarget;
			buildConfigurationList = 6A0CA0BA2AD3E28200C5C1FD /* Build configuration list for PBXNativeTarget "QuokkaWidgetExtension" */;
			buildPhases = (
				6A0CA0A42AD3E28000C5C1FD /* Sources */,
				6A0CA0A52AD3E28000C5C1FD /* Frameworks */,
				6A0CA0A62AD3E28000C5C1FD /* Resources */,
			);
			buildRules = (
			);
			dependencies = (
			);
			name = QuokkaWidgetExtension;
			productName = QuokkaWidgetExtension;
			productReference = 6A0CA0A82AD3E28000C5C1FD /* QuokkaWidgetExtension.appex */;
			productType = "com.apple.product-type.app-extension";
		};
		6AB2B86D2AC3355700830760 /* QuokkaTodo */ = {
			isa = PBXNativeTarget;
			buildConfigurationList = 6AB2B8822AC3355B00830760 /* Build configuration list for PBXNativeTarget "QuokkaTodo" */;
			buildPhases = (
				6AB2B86A2AC3355700830760 /* Sources */,
				6AB2B86B2AC3355700830760 /* Frameworks */,
				6AB2B86C2AC3355700830760 /* Resources */,
				6A0CA0A02AD3E0A600C5C1FD /* Embed Foundation Extensions */,
			);
			buildRules = (
			);
			dependencies = (
				6A0CA0B82AD3E28200C5C1FD /* PBXTargetDependency */,
			);
			name = QuokkaTodo;
			packageProductDependencies = (
				6AB2B8AB2AC346A300830760 /* SnapKit */,
				6ACADE052AC4958400382143 /* FSCalendar */,
				6A09164A2AC6B9410014FE2D /* RealmSwift */,
			);
			productName = QoukkaTodo;
			productReference = 6AB2B86E2AC3355700830760 /* QuokkaTodo.app */;
			productType = "com.apple.product-type.application";
		};
/* End PBXNativeTarget section */

/* Begin PBXProject section */
		6AB2B8662AC3355700830760 /* Project object */ = {
			isa = PBXProject;
			attributes = {
				BuildIndependentTargetsInParallel = 1;
				LastSwiftUpdateCheck = 1500;
				LastUpgradeCheck = 1430;
				TargetAttributes = {
					6A0CA0A72AD3E28000C5C1FD = {
						CreatedOnToolsVersion = 15.0;
					};
					6AB2B86D2AC3355700830760 = {
						CreatedOnToolsVersion = 14.3.1;
					};
				};
			};
			buildConfigurationList = 6AB2B8692AC3355700830760 /* Build configuration list for PBXProject "QuokkaTodo" */;
			compatibilityVersion = "Xcode 14.0";
			developmentRegion = en;
			hasScannedForEncodings = 0;
			knownRegions = (
				en,
				Base,
				ko,
			);
			mainGroup = 6AB2B8652AC3355700830760;
			packageReferences = (
				6AB2B8AA2AC346A300830760 /* XCRemoteSwiftPackageReference "SnapKit" */,
				6ACADE042AC4958300382143 /* XCRemoteSwiftPackageReference "FSCalendar" */,
				6A0916492AC6B9410014FE2D /* XCRemoteSwiftPackageReference "realm-swift" */,
			);
			productRefGroup = 6AB2B86F2AC3355700830760 /* Products */;
			projectDirPath = "";
			projectRoot = "";
			targets = (
				6AB2B86D2AC3355700830760 /* QuokkaTodo */,
				6A0CA0A72AD3E28000C5C1FD /* QuokkaWidgetExtension */,
			);
		};
/* End PBXProject section */

/* Begin PBXResourcesBuildPhase section */
		6A0CA0A62AD3E28000C5C1FD /* Resources */ = {
			isa = PBXResourcesBuildPhase;
			buildActionMask = 2147483647;
			files = (
				6A0CA0B52AD3E28200C5C1FD /* Assets.xcassets in Resources */,
			);
			runOnlyForDeploymentPostprocessing = 0;
		};
		6AB2B86C2AC3355700830760 /* Resources */ = {
			isa = PBXResourcesBuildPhase;
			buildActionMask = 2147483647;
			files = (
				6A0916412AC6861D0014FE2D /* DINPro-Regular.otf in Resources */,
				6AB2B8992AC3407D00830760 /* Pretendard-Bold.otf in Resources */,
				6ACADDFD2AC4728E00382143 /* Localizable.strings in Resources */,
				6AB2B87E2AC3355B00830760 /* LaunchScreen.storyboard in Resources */,
				6AB2B8982AC3407D00830760 /* Pretendard-Thin.otf in Resources */,
				6AB2B87B2AC3355B00830760 /* Assets.xcassets in Resources */,
				6AB2B8972AC3407D00830760 /* Pretendard-ExtraBold.otf in Resources */,
				6A0916402AC6861D0014FE2D /* DINPro-Medium.otf in Resources */,
				6A0916422AC6861D0014FE2D /* DINPro-Light.otf in Resources */,
				6AB2B8952AC3407D00830760 /* Pretendard-SemiBold.otf in Resources */,
				6AB2B89A2AC3407D00830760 /* Pretendard-ExtraLight.otf in Resources */,
				6AB2B8962AC3407D00830760 /* Pretendard-Medium.otf in Resources */,
				6A0916432AC6861D0014FE2D /* DINPro-Black.otf in Resources */,
				6AB2B8932AC3407D00830760 /* Pretendard-Regular.otf in Resources */,
				6AB2B8922AC3407D00830760 /* Pretendard-Black.otf in Resources */,
				6A09163F2AC6861D0014FE2D /* DINPro-Bold.otf in Resources */,
				6AB2B8942AC3407D00830760 /* Pretendard-Light.otf in Resources */,
			);
			runOnlyForDeploymentPostprocessing = 0;
		};
/* End PBXResourcesBuildPhase section */

/* Begin PBXSourcesBuildPhase section */
		6A0CA0A42AD3E28000C5C1FD /* Sources */ = {
			isa = PBXSourcesBuildPhase;
			buildActionMask = 2147483647;
			files = (
				6A0CA0B12AD3E28000C5C1FD /* QuokkaWidget.swift in Sources */,
				6A0CA0B32AD3E28000C5C1FD /* AppIntent.swift in Sources */,
				6A0CA0AF2AD3E28000C5C1FD /* QuokkaWidgetLiveActivity.swift in Sources */,
				6A0CA0AD2AD3E28000C5C1FD /* QuokkaWidgetBundle.swift in Sources */,
			);
			runOnlyForDeploymentPostprocessing = 0;
		};
		6AB2B86A2AC3355700830760 /* Sources */ = {
			isa = PBXSourcesBuildPhase;
			buildActionMask = 2147483647;
			files = (
				6ABF950A2AE03F130038F075 /* Diary.swift in Sources */,
				6ABF95022ADFCF050038F075 /* Level.swift in Sources */,
				6ABF95002ADFCE680038F075 /* Bag.swift in Sources */,
				6A67B10B2ADA6AF500FC8D9D /* SettingViewController.swift in Sources */,
				6ABF94F62ADFC91F0038F075 /* GainLeaf.swift in Sources */,
				6AB2B8AF2AC349B900830760 /* TodoViewController.swift in Sources */,
				6A2C23232AE1A301007807EF /* DiaryViewController.swift in Sources */,
				6ABF94FE2ADFCD640038F075 /* GainNutiritionRepository.swift in Sources */,
				6A67B1092ADA6ADD00FC8D9D /* ChartViewController.swift in Sources */,
				6A7A91D42AD7E44A00633C06 /* CircularProgressView.swift in Sources */,
				6ABF95042ADFCF260038F075 /* BagRepository.swift in Sources */,
				6ABF94F82ADFC9510038F075 /* GainNutrition.swift in Sources */,
				6A0916562AC73C190014FE2D /* TodoHeaderView.swift in Sources */,
				6A0916582AC73D5E0014FE2D /* BaseCollectionReusableView.swift in Sources */,
				6AB2B8722AC3355700830760 /* AppDelegate.swift in Sources */,
				6AB2B8A92AC3467000830760 /* BaseCollectionViewCell.swift in Sources */,
				6ABF94FC2ADFCCEC0038F075 /* GainLeafRepository.swift in Sources */,
				6A0916452AC6A44C0014FE2D /* UIView+Extension.swift in Sources */,
				6AB2B8742AC3355700830760 /* SceneDelegate.swift in Sources */,
				6A09164D2AC71FD30014FE2D /* SpareTodo.swift in Sources */,
				6ABF95062ADFCF330038F075 /* LevelRepository.swift in Sources */,
				6ACADE022AC479AE00382143 /* String+Extension.swift in Sources */,
				6ABF950C2AE0406F0038F075 /* DiaryRepository.swift in Sources */,
				6AB2B89C2AC3418D00830760 /* UIFont+Extension.swift in Sources */,
				6AEE64E72AC5B0AE00C502E4 /* TodoCollectionViewCell.swift in Sources */,
				6ABF94ED2ADE10E40038F075 /* FeedNutrition.swift in Sources */,
				6AB2B8872AC3380A00830760 /* Color.swift in Sources */,
				6A2C23132AE0FF3B007807EF /* CostumeViewController.swift in Sources */,
				6ABF95082AE0098C0038F075 /* DiaryWritingViewController.swift in Sources */,
				6AB2B8A52AC3463B00830760 /* BaseViewController.swift in Sources */,
				6AB2B8B32AC349F000830760 /* QuokkaViewController.swift in Sources */,
				6A0CA0BD2AD3E7B500C5C1FD /* QuokkaWidgetLiveActivity.swift in Sources */,
				6A2C23202AE177C0007807EF /* Costume.swift in Sources */,
				6A2C23152AE10247007807EF /* CostumeCollectionViewCell.swift in Sources */,
				6A1A88CB2AD47FD700A51E10 /* TodoSelectionViewController.swift in Sources */,
				6A1A88CD2AD4822600A51E10 /* TodoPlayCollectionViewCell.swift in Sources */,
				6A0916482AC6B8350014FE2D /* Todo.swift in Sources */,
				6A60843E2AC95887005B85C7 /* MenuViewController.swift in Sources */,
				6A0916522AC7201A0014FE2D /* SpareTodoRepository.swift in Sources */,
				6A2C23182AE106CC007807EF /* CostumeModel.swift in Sources */,
				6A6ED6642ACDD39B00CD902B /* Int+Extension.swift in Sources */,
				6AB2B8A22AC3461A00830760 /* ReusableViewProtocol.swift in Sources */,
				6AB2B8B12AC349CE00830760 /* TimerViewController.swift in Sources */,
				6AB2B8A72AC3465A00830760 /* BaseView.swift in Sources */,
				6A2C231C2AE176B7007807EF /* UserDefaultsHelper.swift in Sources */,
				6AEE64E42AC585A600C502E4 /* DateFromatter+Extension.swift in Sources */,
				6ABF94F42ADFC14A0038F075 /* FeedNutiritionRepository.swift in Sources */,
				6ABF94EB2ADE10D70038F075 /* FeedLeaf.swift in Sources */,
				6A09164F2AC720020014FE2D /* TodoRepository.swift in Sources */,
				6ABF94F22ADFBFFE0038F075 /* FeedLeafRepository.swift in Sources */,
			);
			runOnlyForDeploymentPostprocessing = 0;
		};
/* End PBXSourcesBuildPhase section */

/* Begin PBXTargetDependency section */
		6A0CA0B82AD3E28200C5C1FD /* PBXTargetDependency */ = {
			isa = PBXTargetDependency;
			target = 6A0CA0A72AD3E28000C5C1FD /* QuokkaWidgetExtension */;
			targetProxy = 6A0CA0B72AD3E28200C5C1FD /* PBXContainerItemProxy */;
		};
/* End PBXTargetDependency section */

/* Begin PBXVariantGroup section */
		6AB2B87C2AC3355B00830760 /* LaunchScreen.storyboard */ = {
			isa = PBXVariantGroup;
			children = (
				6AB2B87D2AC3355B00830760 /* Base */,
				6ACADDFA2AC471CD00382143 /* ko */,
			);
			name = LaunchScreen.storyboard;
			sourceTree = "<group>";
		};
		6ACADDFF2AC4728E00382143 /* Localizable.strings */ = {
			isa = PBXVariantGroup;
			children = (
				6ACADDFE2AC4728E00382143 /* en */,
				6ACADE002AC4729200382143 /* ko */,
			);
			name = Localizable.strings;
			sourceTree = "<group>";
		};
/* End PBXVariantGroup section */

/* Begin XCBuildConfiguration section */
		6A0CA0BB2AD3E28200C5C1FD /* Debug */ = {
			isa = XCBuildConfiguration;
			buildSettings = {
				ASSETCATALOG_COMPILER_GENERATE_SWIFT_ASSET_SYMBOL_EXTENSIONS = YES;
				ASSETCATALOG_COMPILER_GLOBAL_ACCENT_COLOR_NAME = AccentColor;
				ASSETCATALOG_COMPILER_WIDGET_BACKGROUND_COLOR_NAME = WidgetBackground;
				CODE_SIGN_STYLE = Automatic;
				CURRENT_PROJECT_VERSION = 1;
				DEVELOPMENT_TEAM = 3H85AXMVD3;
				ENABLE_USER_SCRIPT_SANDBOXING = YES;
				GCC_C_LANGUAGE_STANDARD = gnu17;
				GENERATE_INFOPLIST_FILE = YES;
				INFOPLIST_FILE = QuokkaWidget/Info.plist;
				INFOPLIST_KEY_CFBundleDisplayName = QuokkaWidget;
				INFOPLIST_KEY_NSHumanReadableCopyright = "";
				IPHONEOS_DEPLOYMENT_TARGET = 17.0;
				LD_RUNPATH_SEARCH_PATHS = (
					"$(inherited)",
					"@executable_path/Frameworks",
					"@executable_path/../../Frameworks",
				);
				LOCALIZATION_PREFERS_STRING_CATALOGS = YES;
				MARKETING_VERSION = 1.0;
				PRODUCT_BUNDLE_IDENTIFIER = com.yujinnee.QuokkaTodo.QuokkaWidget;
				PRODUCT_NAME = "$(TARGET_NAME)";
				SKIP_INSTALL = YES;
				SWIFT_ACTIVE_COMPILATION_CONDITIONS = "DEBUG $(inherited)";
				SWIFT_EMIT_LOC_STRINGS = YES;
				SWIFT_VERSION = 5.0;
				TARGETED_DEVICE_FAMILY = "1,2";
			};
			name = Debug;
		};
		6A0CA0BC2AD3E28200C5C1FD /* Release */ = {
			isa = XCBuildConfiguration;
			buildSettings = {
				ASSETCATALOG_COMPILER_GENERATE_SWIFT_ASSET_SYMBOL_EXTENSIONS = YES;
				ASSETCATALOG_COMPILER_GLOBAL_ACCENT_COLOR_NAME = AccentColor;
				ASSETCATALOG_COMPILER_WIDGET_BACKGROUND_COLOR_NAME = WidgetBackground;
				CODE_SIGN_STYLE = Automatic;
				CURRENT_PROJECT_VERSION = 1;
				DEVELOPMENT_TEAM = 3H85AXMVD3;
				ENABLE_USER_SCRIPT_SANDBOXING = YES;
				GCC_C_LANGUAGE_STANDARD = gnu17;
				GENERATE_INFOPLIST_FILE = YES;
				INFOPLIST_FILE = QuokkaWidget/Info.plist;
				INFOPLIST_KEY_CFBundleDisplayName = QuokkaWidget;
				INFOPLIST_KEY_NSHumanReadableCopyright = "";
				IPHONEOS_DEPLOYMENT_TARGET = 17.0;
				LD_RUNPATH_SEARCH_PATHS = (
					"$(inherited)",
					"@executable_path/Frameworks",
					"@executable_path/../../Frameworks",
				);
				LOCALIZATION_PREFERS_STRING_CATALOGS = YES;
				MARKETING_VERSION = 1.0;
				PRODUCT_BUNDLE_IDENTIFIER = com.yujinnee.QuokkaTodo.QuokkaWidget;
				PRODUCT_NAME = "$(TARGET_NAME)";
				SKIP_INSTALL = YES;
				SWIFT_EMIT_LOC_STRINGS = YES;
				SWIFT_VERSION = 5.0;
				TARGETED_DEVICE_FAMILY = "1,2";
			};
			name = Release;
		};
		6AB2B8802AC3355B00830760 /* Debug */ = {
			isa = XCBuildConfiguration;
			buildSettings = {
				ALWAYS_SEARCH_USER_PATHS = NO;
				CLANG_ANALYZER_LOCALIZABILITY_NONLOCALIZED = YES;
				CLANG_ANALYZER_NONNULL = YES;
				CLANG_ANALYZER_NUMBER_OBJECT_CONVERSION = YES_AGGRESSIVE;
				CLANG_CXX_LANGUAGE_STANDARD = "gnu++20";
				CLANG_ENABLE_MODULES = YES;
				CLANG_ENABLE_OBJC_ARC = YES;
				CLANG_ENABLE_OBJC_WEAK = YES;
				CLANG_WARN_BLOCK_CAPTURE_AUTORELEASING = YES;
				CLANG_WARN_BOOL_CONVERSION = YES;
				CLANG_WARN_COMMA = YES;
				CLANG_WARN_CONSTANT_CONVERSION = YES;
				CLANG_WARN_DEPRECATED_OBJC_IMPLEMENTATIONS = YES;
				CLANG_WARN_DIRECT_OBJC_ISA_USAGE = YES_ERROR;
				CLANG_WARN_DOCUMENTATION_COMMENTS = YES;
				CLANG_WARN_EMPTY_BODY = YES;
				CLANG_WARN_ENUM_CONVERSION = YES;
				CLANG_WARN_INFINITE_RECURSION = YES;
				CLANG_WARN_INT_CONVERSION = YES;
				CLANG_WARN_NON_LITERAL_NULL_CONVERSION = YES;
				CLANG_WARN_OBJC_IMPLICIT_RETAIN_SELF = YES;
				CLANG_WARN_OBJC_LITERAL_CONVERSION = YES;
				CLANG_WARN_OBJC_ROOT_CLASS = YES_ERROR;
				CLANG_WARN_QUOTED_INCLUDE_IN_FRAMEWORK_HEADER = YES;
				CLANG_WARN_RANGE_LOOP_ANALYSIS = YES;
				CLANG_WARN_STRICT_PROTOTYPES = YES;
				CLANG_WARN_SUSPICIOUS_MOVE = YES;
				CLANG_WARN_UNGUARDED_AVAILABILITY = YES_AGGRESSIVE;
				CLANG_WARN_UNREACHABLE_CODE = YES;
				CLANG_WARN__DUPLICATE_METHOD_MATCH = YES;
				COPY_PHASE_STRIP = NO;
				DEBUG_INFORMATION_FORMAT = dwarf;
				ENABLE_STRICT_OBJC_MSGSEND = YES;
				ENABLE_TESTABILITY = YES;
				GCC_C_LANGUAGE_STANDARD = gnu11;
				GCC_DYNAMIC_NO_PIC = NO;
				GCC_NO_COMMON_BLOCKS = YES;
				GCC_OPTIMIZATION_LEVEL = 0;
				GCC_PREPROCESSOR_DEFINITIONS = (
					"DEBUG=1",
					"$(inherited)",
				);
				GCC_WARN_64_TO_32_BIT_CONVERSION = YES;
				GCC_WARN_ABOUT_RETURN_TYPE = YES_ERROR;
				GCC_WARN_UNDECLARED_SELECTOR = YES;
				GCC_WARN_UNINITIALIZED_AUTOS = YES_AGGRESSIVE;
				GCC_WARN_UNUSED_FUNCTION = YES;
				GCC_WARN_UNUSED_VARIABLE = YES;
				IPHONEOS_DEPLOYMENT_TARGET = 16.4;
				MTL_ENABLE_DEBUG_INFO = INCLUDE_SOURCE;
				MTL_FAST_MATH = YES;
				ONLY_ACTIVE_ARCH = YES;
				SDKROOT = iphoneos;
				SWIFT_ACTIVE_COMPILATION_CONDITIONS = DEBUG;
				SWIFT_OPTIMIZATION_LEVEL = "-Onone";
			};
			name = Debug;
		};
		6AB2B8812AC3355B00830760 /* Release */ = {
			isa = XCBuildConfiguration;
			buildSettings = {
				ALWAYS_SEARCH_USER_PATHS = NO;
				CLANG_ANALYZER_LOCALIZABILITY_NONLOCALIZED = YES;
				CLANG_ANALYZER_NONNULL = YES;
				CLANG_ANALYZER_NUMBER_OBJECT_CONVERSION = YES_AGGRESSIVE;
				CLANG_CXX_LANGUAGE_STANDARD = "gnu++20";
				CLANG_ENABLE_MODULES = YES;
				CLANG_ENABLE_OBJC_ARC = YES;
				CLANG_ENABLE_OBJC_WEAK = YES;
				CLANG_WARN_BLOCK_CAPTURE_AUTORELEASING = YES;
				CLANG_WARN_BOOL_CONVERSION = YES;
				CLANG_WARN_COMMA = YES;
				CLANG_WARN_CONSTANT_CONVERSION = YES;
				CLANG_WARN_DEPRECATED_OBJC_IMPLEMENTATIONS = YES;
				CLANG_WARN_DIRECT_OBJC_ISA_USAGE = YES_ERROR;
				CLANG_WARN_DOCUMENTATION_COMMENTS = YES;
				CLANG_WARN_EMPTY_BODY = YES;
				CLANG_WARN_ENUM_CONVERSION = YES;
				CLANG_WARN_INFINITE_RECURSION = YES;
				CLANG_WARN_INT_CONVERSION = YES;
				CLANG_WARN_NON_LITERAL_NULL_CONVERSION = YES;
				CLANG_WARN_OBJC_IMPLICIT_RETAIN_SELF = YES;
				CLANG_WARN_OBJC_LITERAL_CONVERSION = YES;
				CLANG_WARN_OBJC_ROOT_CLASS = YES_ERROR;
				CLANG_WARN_QUOTED_INCLUDE_IN_FRAMEWORK_HEADER = YES;
				CLANG_WARN_RANGE_LOOP_ANALYSIS = YES;
				CLANG_WARN_STRICT_PROTOTYPES = YES;
				CLANG_WARN_SUSPICIOUS_MOVE = YES;
				CLANG_WARN_UNGUARDED_AVAILABILITY = YES_AGGRESSIVE;
				CLANG_WARN_UNREACHABLE_CODE = YES;
				CLANG_WARN__DUPLICATE_METHOD_MATCH = YES;
				COPY_PHASE_STRIP = NO;
				DEBUG_INFORMATION_FORMAT = "dwarf-with-dsym";
				ENABLE_NS_ASSERTIONS = NO;
				ENABLE_STRICT_OBJC_MSGSEND = YES;
				GCC_C_LANGUAGE_STANDARD = gnu11;
				GCC_NO_COMMON_BLOCKS = YES;
				GCC_WARN_64_TO_32_BIT_CONVERSION = YES;
				GCC_WARN_ABOUT_RETURN_TYPE = YES_ERROR;
				GCC_WARN_UNDECLARED_SELECTOR = YES;
				GCC_WARN_UNINITIALIZED_AUTOS = YES_AGGRESSIVE;
				GCC_WARN_UNUSED_FUNCTION = YES;
				GCC_WARN_UNUSED_VARIABLE = YES;
				IPHONEOS_DEPLOYMENT_TARGET = 16.4;
				MTL_ENABLE_DEBUG_INFO = NO;
				MTL_FAST_MATH = YES;
				SDKROOT = iphoneos;
				SWIFT_COMPILATION_MODE = wholemodule;
				SWIFT_OPTIMIZATION_LEVEL = "-O";
				VALIDATE_PRODUCT = YES;
			};
			name = Release;
		};
		6AB2B8832AC3355B00830760 /* Debug */ = {
			isa = XCBuildConfiguration;
			buildSettings = {
				ALWAYS_EMBED_SWIFT_STANDARD_LIBRARIES = YES;
				ASSETCATALOG_COMPILER_APPICON_NAME = AppIcon;
				ASSETCATALOG_COMPILER_GLOBAL_ACCENT_COLOR_NAME = AccentColor;
				CODE_SIGN_STYLE = Automatic;
				CURRENT_PROJECT_VERSION = 1;
				DEVELOPMENT_TEAM = 3H85AXMVD3;
				GENERATE_INFOPLIST_FILE = YES;
				INFOPLIST_FILE = QuokkaTodo/Info.plist;
				INFOPLIST_KEY_UIApplicationSupportsIndirectInputEvents = YES;
				INFOPLIST_KEY_UILaunchStoryboardName = LaunchScreen;
				INFOPLIST_KEY_UISupportedInterfaceOrientations = UIInterfaceOrientationPortrait;
				INFOPLIST_KEY_UISupportedInterfaceOrientations_iPad = "UIInterfaceOrientationLandscapeLeft UIInterfaceOrientationLandscapeRight UIInterfaceOrientationPortrait UIInterfaceOrientationPortraitUpsideDown";
				IPHONEOS_DEPLOYMENT_TARGET = 15.0;
				LD_RUNPATH_SEARCH_PATHS = (
					"$(inherited)",
					"@executable_path/Frameworks",
				);
				MARKETING_VERSION = 1.0;
				PRODUCT_BUNDLE_IDENTIFIER = com.yujinnee.QuokkaTodo;
				PRODUCT_NAME = "$(TARGET_NAME)";
				SUPPORTED_PLATFORMS = "iphoneos iphonesimulator";
				SUPPORTS_MACCATALYST = NO;
				SUPPORTS_MAC_DESIGNED_FOR_IPHONE_IPAD = NO;
				SWIFT_EMIT_LOC_STRINGS = YES;
				SWIFT_VERSION = 5.0;
				TARGETED_DEVICE_FAMILY = 1;
			};
			name = Debug;
		};
		6AB2B8842AC3355B00830760 /* Release */ = {
			isa = XCBuildConfiguration;
			buildSettings = {
				ALWAYS_EMBED_SWIFT_STANDARD_LIBRARIES = YES;
				ASSETCATALOG_COMPILER_APPICON_NAME = AppIcon;
				ASSETCATALOG_COMPILER_GLOBAL_ACCENT_COLOR_NAME = AccentColor;
				CODE_SIGN_STYLE = Automatic;
				CURRENT_PROJECT_VERSION = 1;
				DEVELOPMENT_TEAM = 3H85AXMVD3;
				GENERATE_INFOPLIST_FILE = YES;
				INFOPLIST_FILE = QuokkaTodo/Info.plist;
				INFOPLIST_KEY_UIApplicationSupportsIndirectInputEvents = YES;
				INFOPLIST_KEY_UILaunchStoryboardName = LaunchScreen;
				INFOPLIST_KEY_UISupportedInterfaceOrientations = UIInterfaceOrientationPortrait;
				INFOPLIST_KEY_UISupportedInterfaceOrientations_iPad = "UIInterfaceOrientationLandscapeLeft UIInterfaceOrientationLandscapeRight UIInterfaceOrientationPortrait UIInterfaceOrientationPortraitUpsideDown";
				IPHONEOS_DEPLOYMENT_TARGET = 15.0;
				LD_RUNPATH_SEARCH_PATHS = (
					"$(inherited)",
					"@executable_path/Frameworks",
				);
				MARKETING_VERSION = 1.0;
				PRODUCT_BUNDLE_IDENTIFIER = com.yujinnee.QuokkaTodo;
				PRODUCT_NAME = "$(TARGET_NAME)";
				SUPPORTED_PLATFORMS = "iphoneos iphonesimulator";
				SUPPORTS_MACCATALYST = NO;
				SUPPORTS_MAC_DESIGNED_FOR_IPHONE_IPAD = NO;
				SWIFT_EMIT_LOC_STRINGS = YES;
				SWIFT_VERSION = 5.0;
				TARGETED_DEVICE_FAMILY = 1;
			};
			name = Release;
		};
/* End XCBuildConfiguration section */

/* Begin XCConfigurationList section */
		6A0CA0BA2AD3E28200C5C1FD /* Build configuration list for PBXNativeTarget "QuokkaWidgetExtension" */ = {
			isa = XCConfigurationList;
			buildConfigurations = (
				6A0CA0BB2AD3E28200C5C1FD /* Debug */,
				6A0CA0BC2AD3E28200C5C1FD /* Release */,
			);
			defaultConfigurationIsVisible = 0;
			defaultConfigurationName = Release;
		};
		6AB2B8692AC3355700830760 /* Build configuration list for PBXProject "QuokkaTodo" */ = {
			isa = XCConfigurationList;
			buildConfigurations = (
				6AB2B8802AC3355B00830760 /* Debug */,
				6AB2B8812AC3355B00830760 /* Release */,
			);
			defaultConfigurationIsVisible = 0;
			defaultConfigurationName = Release;
		};
		6AB2B8822AC3355B00830760 /* Build configuration list for PBXNativeTarget "QuokkaTodo" */ = {
			isa = XCConfigurationList;
			buildConfigurations = (
				6AB2B8832AC3355B00830760 /* Debug */,
				6AB2B8842AC3355B00830760 /* Release */,
			);
			defaultConfigurationIsVisible = 0;
			defaultConfigurationName = Release;
		};
/* End XCConfigurationList section */

/* Begin XCRemoteSwiftPackageReference section */
		6A0916492AC6B9410014FE2D /* XCRemoteSwiftPackageReference "realm-swift" */ = {
			isa = XCRemoteSwiftPackageReference;
			repositoryURL = "https://github.com/realm/realm-swift.git";
			requirement = {
				branch = master;
				kind = branch;
			};
		};
		6AB2B8AA2AC346A300830760 /* XCRemoteSwiftPackageReference "SnapKit" */ = {
			isa = XCRemoteSwiftPackageReference;
			repositoryURL = "https://github.com/SnapKit/SnapKit.git";
			requirement = {
				kind = upToNextMajorVersion;
				minimumVersion = 5.0.0;
			};
		};
		6ACADE042AC4958300382143 /* XCRemoteSwiftPackageReference "FSCalendar" */ = {
			isa = XCRemoteSwiftPackageReference;
			repositoryURL = "https://github.com/WenchaoD/FSCalendar.git";
			requirement = {
				kind = upToNextMajorVersion;
				minimumVersion = 2.0.0;
			};
		};
/* End XCRemoteSwiftPackageReference section */

/* Begin XCSwiftPackageProductDependency section */
		6A09164A2AC6B9410014FE2D /* RealmSwift */ = {
			isa = XCSwiftPackageProductDependency;
			package = 6A0916492AC6B9410014FE2D /* XCRemoteSwiftPackageReference "realm-swift" */;
			productName = RealmSwift;
		};
		6AB2B8AB2AC346A300830760 /* SnapKit */ = {
			isa = XCSwiftPackageProductDependency;
			package = 6AB2B8AA2AC346A300830760 /* XCRemoteSwiftPackageReference "SnapKit" */;
			productName = SnapKit;
		};
		6ACADE052AC4958400382143 /* FSCalendar */ = {
			isa = XCSwiftPackageProductDependency;
			package = 6ACADE042AC4958300382143 /* XCRemoteSwiftPackageReference "FSCalendar" */;
			productName = FSCalendar;
		};
/* End XCSwiftPackageProductDependency section */
	};
	rootObject = 6AB2B8662AC3355700830760 /* Project object */;
}
